
Microsoft Visual Studio Solution File, Format Version 12.00
# Visual Studio Version 16
VisualStudioVersion = 16.0.30128.74
MinimumVisualStudioVersion = 10.0.40219.1
Project("{FAE04EC0-301F-11D3-BF4B-00C04F79EFBC}") = "DrinkPay", "DrinkPay\DrinkPay.csproj", "{D13AFF73-B389-4DDC-9719-CB284026E472}"
EndProject
Global
	GlobalSection(SolutionConfigurationPlatforms) = preSolution
		Debug|Any CPU = Debug|Any CPU
		Debug|x64 = Debug|x64
		Release|Any CPU = Release|Any CPU
		Release|x64 = Release|x64
		Test|Any CPU = Test|Any CPU
		Test|x64 = Test|x64
	EndGlobalSection
	GlobalSection(ProjectConfigurationPlatforms) = postSolution
		{D13AFF73-B389-4DDC-9719-CB284026E472}.Debug|Any CPU.ActiveCfg = Debug|Any CPU
		{D13AFF73-B389-4DDC-9719-CB284026E472}.Debug|Any CPU.Build.0 = Debug|Any CPU
		{D13AFF73-B389-4DDC-9719-CB284026E472}.Debug|x64.ActiveCfg = Debug|x64
		{D13AFF73-B389-4DDC-9719-CB284026E472}.Debug|x64.Build.0 = Debug|x64
		{D13AFF73-B389-4DDC-9719-CB284026E472}.Release|Any CPU.ActiveCfg = Release|Any CPU
		{D13AFF73-B389-4DDC-9719-CB284026E472}.Release|Any CPU.Build.0 = Release|Any CPU
		{D13AFF73-B389-4DDC-9719-CB284026E472}.Release|x64.ActiveCfg = Release|x64
		{D13AFF73-B389-4DDC-9719-CB284026E472}.Release|x64.Build.0 = Release|x64
		{D13AFF73-B389-4DDC-9719-CB284026E472}.Test|Any CPU.ActiveCfg = Test|Any CPU
		{D13AFF73-B389-4DDC-9719-CB284026E472}.Test|Any CPU.Build.0 = Test|Any CPU
		{D13AFF73-B389-4DDC-9719-CB284026E472}.Test|x64.ActiveCfg = Debug|Any CPU
		{D13AFF73-B389-4DDC-9719-CB284026E472}.Test|x64.Build.0 = Debug|Any CPU
	EndGlobalSection
	GlobalSection(SolutionProperties) = preSolution
		HideSolutionNode = FALSE
	EndGlobalSection
	GlobalSection(ExtensibilityGlobals) = postSolution
		SolutionGuid = {857B8FAC-5299-4DDF-88F9-D9D5EB66F8EE}
	EndGlobalSection
EndGlobal
